
Microsoft Visual Studio Solution File, Format Version 12.00
# Visual Studio Version 17
VisualStudioVersion = 17.2.32616.157
MinimumVisualStudioVersion = 10.0.40219.1
Project("{FAE04EC0-301F-11D3-BF4B-00C04F79EFBC}") = "Registro", "Registro\Registro.csproj", "{589DEB02-B576-4B7C-A13B-5E5B17B26D5D}"
EndProject
Global
	GlobalSection(SolutionConfigurationPlatforms) = preSolution
		Debug|Any CPU = Debug|Any CPU
		Release|Any CPU = Release|Any CPU
	EndGlobalSection
	GlobalSection(ProjectConfigurationPlatforms) = postSolution
		{589DEB02-B576-4B7C-A13B-5E5B17B26D5D}.Debug|Any CPU.ActiveCfg = Debug|Any CPU
		{589DEB02-B576-4B7C-A13B-5E5B17B26D5D}.Debug|Any CPU.Build.0 = Debug|Any CPU
		{589DEB02-B576-4B7C-A13B-5E5B17B26D5D}.Release|Any CPU.ActiveCfg = Release|Any CPU
		{589DEB02-B576-4B7C-A13B-5E5B17B26D5D}.Release|Any CPU.Build.0 = Release|Any CPU
	EndGlobalSection
	GlobalSection(SolutionProperties) = preSolution
		HideSolutionNode = FALSE
	EndGlobalSection
	GlobalSection(ExtensibilityGlobals) = postSolution
		SolutionGuid = {5C2322F5-19B5-4280-8C58-63F27DB6FA05}
	EndGlobalSection
EndGlobal
